// !$*UTF8*$!
{
	archiveVersion = 1;
	classes = {
	};
	objectVersion = 50;
	objects = {

/* Begin PBXBuildFile section */
		B5EAFA5B2509D457005DA149 /* AppDelegate.m in Sources */ = {isa = PBXBuildFile; fileRef = B5EAFA5A2509D457005DA149 /* AppDelegate.m */; };
		B5EAFA5E2509D457005DA149 /* SceneDelegate.m in Sources */ = {isa = PBXBuildFile; fileRef = B5EAFA5D2509D457005DA149 /* SceneDelegate.m */; };
		B5EAFA612509D457005DA149 /* ViewController.m in Sources */ = {isa = PBXBuildFile; fileRef = B5EAFA602509D457005DA149 /* ViewController.m */; };
		B5EAFA642509D457005DA149 /* Main.storyboard in Resources */ = {isa = PBXBuildFile; fileRef = B5EAFA622509D457005DA149 /* Main.storyboard */; };
		B5EAFA662509D459005DA149 /* Assets.xcassets in Resources */ = {isa = PBXBuildFile; fileRef = B5EAFA652509D459005DA149 /* Assets.xcassets */; };
		B5EAFA692509D459005DA149 /* LaunchScreen.storyboard in Resources */ = {isa = PBXBuildFile; fileRef = B5EAFA672509D459005DA149 /* LaunchScreen.storyboard */; };
		B5EAFA6C2509D459005DA149 /* main.m in Sources */ = {isa = PBXBuildFile; fileRef = B5EAFA6B2509D459005DA149 /* main.m */; };
/* End PBXBuildFile section */

/* Begin PBXFileReference section */
		B5EAFA562509D457005DA149 /* IRFlash.app */ = {isa = PBXFileReference; explicitFileType = wrapper.application; includeInIndex = 0; path = IRFlash.app; sourceTree = BUILT_PRODUCTS_DIR; };
		B5EAFA592509D457005DA149 /* AppDelegate.h */ = {isa = PBXFileReference; lastKnownFileType = sourcecode.c.h; path = AppDelegate.h; sourceTree = "<group>"; };
		B5EAFA5A2509D457005DA149 /* AppDelegate.m */ = {isa = PBXFileReference; lastKnownFileType = sourcecode.c.objc; path = AppDelegate.m; sourceTree = "<group>"; };
		B5EAFA5C2509D457005DA149 /* SceneDelegate.h */ = {isa = PBXFileReference; lastKnownFileType = sourcecode.c.h; path = SceneDelegate.h; sourceTree = "<group>"; };
		B5EAFA5D2509D457005DA149 /* SceneDelegate.m */ = {isa = PBXFileReference; lastKnownFileType = sourcecode.c.objc; path = SceneDelegate.m; sourceTree = "<group>"; };
		B5EAFA5F2509D457005DA149 /* ViewController.h */ = {isa = PBXFileReference; lastKnownFileType = sourcecode.c.h; path = ViewController.h; sourceTree = "<group>"; };
		B5EAFA602509D457005DA149 /* ViewController.m */ = {isa = PBXFileReference; lastKnownFileType = sourcecode.c.objc; path = ViewController.m; sourceTree = "<group>"; };
		B5EAFA632509D457005DA149 /* Base */ = {isa = PBXFileReference; lastKnownFileType = file.storyboard; name = Base; path = Base.lproj/Main.storyboard; sourceTree = "<group>"; };
		B5EAFA652509D459005DA149 /* Assets.xcassets */ = {isa = PBXFileReference; lastKnownFileType = folder.assetcatalog; path = Assets.xcassets; sourceTree = "<group>"; };
		B5EAFA682509D459005DA149 /* Base */ = {isa = PBXFileReference; lastKnownFileType = file.storyboard; name = Base; path = Base.lproj/LaunchScreen.storyboard; sourceTree = "<group>"; };
		B5EAFA6A2509D459005DA149 /* Info.plist */ = {isa = PBXFileReference; lastKnownFileType = text.plist.xml; path = Info.plist; sourceTree = "<group>"; };
		B5EAFA6B2509D459005DA149 /* main.m */ = {isa = PBXFileReference; lastKnownFileType = sourcecode.c.objc; path = main.m; sourceTree = "<group>"; };
/* End PBXFileReference section */

/* Begin PBXFrameworksBuildPhase section */
		B5EAFA532509D457005DA149 /* Frameworks */ = {
			isa = PBXFrameworksBuildPhase;
			buildActionMask = 2147483647;
			files = (
			);
			runOnlyForDeploymentPostprocessing = 0;
		};
/* End PBXFrameworksBuildPhase section */

/* Begin PBXGroup section */
		B5EAFA4D2509D457005DA149 = {
			isa = PBXGroup;
			children = (
				B5EAFA582509D457005DA149 /* IRFlash */,
				B5EAFA572509D457005DA149 /* Products */,
			);
			sourceTree = "<group>";
		};
		B5EAFA572509D457005DA149 /* Products */ = {
			isa = PBXGroup;
			children = (
				B5EAFA562509D457005DA149 /* IRFlash.app */,
			);
			name = Products;
			sourceTree = "<group>";
		};
		B5EAFA582509D457005DA149 /* IRFlash */ = {
			isa = PBXGroup;
			children = (
				B5EAFA592509D457005DA149 /* AppDelegate.h */,
				B5EAFA5A2509D457005DA149 /* AppDelegate.m */,
				B5EAFA5C2509D457005DA149 /* SceneDelegate.h */,
				B5EAFA5D2509D457005DA149 /* SceneDelegate.m */,
				B5EAFA5F2509D457005DA149 /* ViewController.h */,
				B5EAFA602509D457005DA149 /* ViewController.m */,
				B5EAFA622509D457005DA149 /* Main.storyboard */,
				B5EAFA652509D459005DA149 /* Assets.xcassets */,
				B5EAFA672509D459005DA149 /* LaunchScreen.storyboard */,
				B5EAFA6A2509D459005DA149 /* Info.plist */,
				B5EAFA6B2509D459005DA149 /* main.m */,
			);
			path = IRFlash;
			sourceTree = "<group>";
		};
/* End PBXGroup section */

/* Begin PBXNativeTarget section */
		B5EAFA552509D457005DA149 /* IRFlash */ = {
			isa = PBXNativeTarget;
			buildConfigurationList = B5EAFA6F2509D459005DA149 /* Build configuration list for PBXNativeTarget "IRFlash" */;
			buildPhases = (
				B5EAFA522509D457005DA149 /* Sources */,
				B5EAFA532509D457005DA149 /* Frameworks */,
				B5EAFA542509D457005DA149 /* Resources */,
			);
			buildRules = (
			);
			dependencies = (
			);
			name = IRFlash;
			productName = IRFlash;
			productReference = B5EAFA562509D457005DA149 /* IRFlash.app */;
			productType = "com.apple.product-type.application";
		};
/* End PBXNativeTarget section */

/* Begin PBXProject section */
		B5EAFA4E2509D457005DA149 /* Project object */ = {
			isa = PBXProject;
			attributes = {
				LastUpgradeCheck = 1160;
				ORGANIZATIONNAME = irons163;
				TargetAttributes = {
					B5EAFA552509D457005DA149 = {
						CreatedOnToolsVersion = 11.6;
					};
				};
			};
			buildConfigurationList = B5EAFA512509D457005DA149 /* Build configuration list for PBXProject "IRFlash" */;
			compatibilityVersion = "Xcode 9.3";
			developmentRegion = en;
			hasScannedForEncodings = 0;
			knownRegions = (
				en,
				Base,
			);
			mainGroup = B5EAFA4D2509D457005DA149;
			productRefGroup = B5EAFA572509D457005DA149 /* Products */;
			projectDirPath = "";
			projectRoot = "";
			targets = (
				B5EAFA552509D457005DA149 /* IRFlash */,
			);
		};
/* End PBXProject section */

/* Begin PBXResourcesBuildPhase section */
		B5EAFA542509D457005DA149 /* Resources */ = {
			isa = PBXResourcesBuildPhase;
			buildActionMask = 2147483647;
			files = (
				B5EAFA692509D459005DA149 /* LaunchScreen.storyboard in Resources */,
				B5EAFA662509D459005DA149 /* Assets.xcassets in Resources */,
				B5EAFA642509D457005DA149 /* Main.storyboard in Resources */,
			);
			runOnlyForDeploymentPostprocessing = 0;
		};
/* End PBXResourcesBuildPhase section */

/* Begin PBXSourcesBuildPhase section */
		B5EAFA522509D457005DA149 /* Sources */ = {
			isa = PBXSourcesBuildPhase;
			buildActionMask = 2147483647;
			files = (
				B5EAFA612509D457005DA149 /* ViewController.m in Sources */,
				B5EAFA5B2509D457005DA149 /* AppDelegate.m in Sources */,
				B5EAFA6C2509D459005DA149 /* main.m in Sources */,
				B5EAFA5E2509D457005DA149 /* SceneDelegate.m in Sources */,
			);
			runOnlyForDeploymentPostprocessing = 0;
		};
/* End PBXSourcesBuildPhase section */

/* Begin PBXVariantGroup section */
		B5EAFA622509D457005DA149 /* Main.storyboard */ = {
			isa = PBXVariantGroup;
			children = (
				B5EAFA632509D457005DA149 /* Base */,
			);
			name = Main.storyboard;
			sourceTree = "<group>";
		};
		B5EAFA672509D459005DA149 /* LaunchScreen.storyboard */ = {
			isa = PBXVariantGroup;
			children = (
				B5EAFA682509D459005DA149 /* Base */,
			);
			name = LaunchScreen.storyboard;
			sourceTree = "<group>";
		};
/* End PBXVariantGroup section */

/* Begin XCBuildConfiguration section */
		B5EAFA6D2509D459005DA149 /* Debug */ = {
			isa = XCBuildConfiguration;
			buildSettings = {
				ALWAYS_SEARCH_USER_PATHS = NO;
				CLANG_ANALYZER_NONNULL = YES;
				CLANG_ANALYZER_NUMBER_OBJECT_CONVERSION = YES_AGGRESSIVE;
				CLANG_CXX_LANGUAGE_STANDARD = "gnu++14";
				CLANG_CXX_LIBRARY = "libc++";
				CLANG_ENABLE_MODULES = YES;
				CLANG_ENABLE_OBJC_ARC = YES;
				CLANG_ENABLE_OBJC_WEAK = YES;
				CLANG_WARN_BLOCK_CAPTURE_AUTORELEASING = YES;
				CLANG_WARN_BOOL_CONVERSION = YES;
				CLANG_WARN_COMMA = YES;
				CLANG_WARN_CONSTANT_CONVERSION = YES;
				CLANG_WARN_DEPRECATED_OBJC_IMPLEMENTATIONS = YES;
				CLANG_WARN_DIRECT_OBJC_ISA_USAGE = YES_ERROR;
				CLANG_WARN_DOCUMENTATION_COMMENTS = YES;
				CLANG_WARN_EMPTY_BODY = YES;
				CLANG_WARN_ENUM_CONVERSION = YES;
				CLANG_WARN_INFINITE_RECURSION = YES;
				CLANG_WARN_INT_CONVERSION = YES;
				CLANG_WARN_NON_LITERAL_NULL_CONVERSION = YES;
				CLANG_WARN_OBJC_IMPLICIT_RETAIN_SELF = YES;
				CLANG_WARN_OBJC_LITERAL_CONVERSION = YES;
				CLANG_WARN_OBJC_ROOT_CLASS = YES_ERROR;
				CLANG_WARN_RANGE_LOOP_ANALYSIS = YES;
				CLANG_WARN_STRICT_PROTOTYPES = YES;
				CLANG_WARN_SUSPICIOUS_MOVE = YES;
				CLANG_WARN_UNGUARDED_AVAILABILITY = YES_AGGRESSIVE;
				CLANG_WARN_UNREACHABLE_CODE = YES;
				CLANG_WARN__DUPLICATE_METHOD_MATCH = YES;
				COPY_PHASE_STRIP = NO;
				DEBUG_INFORMATION_FORMAT = dwarf;
				ENABLE_STRICT_OBJC_MSGSEND = YES;
				ENABLE_TESTABILITY = YES;
				GCC_C_LANGUAGE_STANDARD = gnu11;
				GCC_DYNAMIC_NO_PIC = NO;
				GCC_NO_COMMON_BLOCKS = YES;
				GCC_OPTIMIZATION_LEVEL = 0;
				GCC_PREPROCESSOR_DEFINITIONS = (
					"DEBUG=1",
					"$(inherited)",
				);
				GCC_WARN_64_TO_32_BIT_CONVERSION = YES;
				GCC_WARN_ABOUT_RETURN_TYPE = YES_ERROR;
				GCC_WARN_UNDECLARED_SELECTOR = YES;
				GCC_WARN_UNINITIALIZED_AUTOS = YES_AGGRESSIVE;
				GCC_WARN_UNUSED_FUNCTION = YES;
				GCC_WARN_UNUSED_VARIABLE = YES;
				IPHONEOS_DEPLOYMENT_TARGET = 13.6;
				MTL_ENABLE_DEBUG_INFO = INCLUDE_SOURCE;
				MTL_FAST_MATH = YES;
				ONLY_ACTIVE_ARCH = YES;
				SDKROOT = iphoneos;
			};
			name = Debug;
		};
		B5EAFA6E2509D459005DA149 /* Release */ = {
			isa = XCBuildConfiguration;
			buildSettings = {
				ALWAYS_SEARCH_USER_PATHS = NO;
				CLANG_ANALYZER_NONNULL = YES;
				CLANG_ANALYZER_NUMBER_OBJECT_CONVERSION = YES_AGGRESSIVE;
				CLANG_CXX_LANGUAGE_STANDARD = "gnu++14";
				CLANG_CXX_LIBRARY = "libc++";
				CLANG_ENABLE_MODULES = YES;
				CLANG_ENABLE_OBJC_ARC = YES;
				CLANG_ENABLE_OBJC_WEAK = YES;
				CLANG_WARN_BLOCK_CAPTURE_AUTORELEASING = YES;
				CLANG_WARN_BOOL_CONVERSION = YES;
				CLANG_WARN_COMMA = YES;
				CLANG_WARN_CONSTANT_CONVERSION = YES;
				CLANG_WARN_DEPRECATED_OBJC_IMPLEMENTATIONS = YES;
				CLANG_WARN_DIRECT_OBJC_ISA_USAGE = YES_ERROR;
				CLANG_WARN_DOCUMENTATION_COMMENTS = YES;
				CLANG_WARN_EMPTY_BODY = YES;
				CLANG_WARN_ENUM_CONVERSION = YES;
				CLANG_WARN_INFINITE_RECURSION = YES;
				CLANG_WARN_INT_CONVERSION = YES;
				CLANG_WARN_NON_LITERAL_NULL_CONVERSION = YES;
				CLANG_WARN_OBJC_IMPLICIT_RETAIN_SELF = YES;
				CLANG_WARN_OBJC_LITERAL_CONVERSION = YES;
				CLANG_WARN_OBJC_ROOT_CLASS = YES_ERROR;
				CLANG_WARN_RANGE_LOOP_ANALYSIS = YES;
				CLANG_WARN_STRICT_PROTOTYPES = YES;
				CLANG_WARN_SUSPICIOUS_MOVE = YES;
				CLANG_WARN_UNGUARDED_AVAILABILITY = YES_AGGRESSIVE;
				CLANG_WARN_UNREACHABLE_CODE = YES;
				CLANG_WARN__DUPLICATE_METHOD_MATCH = YES;
				COPY_PHASE_STRIP = NO;
				DEBUG_INFORMATION_FORMAT = "dwarf-with-dsym";
				ENABLE_NS_ASSERTIONS = NO;
				ENABLE_STRICT_OBJC_MSGSEND = YES;
				GCC_C_LANGUAGE_STANDARD = gnu11;
				GCC_NO_COMMON_BLOCKS = YES;
				GCC_WARN_64_TO_32_BIT_CONVERSION = YES;
				GCC_WARN_ABOUT_RETURN_TYPE = YES_ERROR;
				GCC_WARN_UNDECLARED_SELECTOR = YES;
				GCC_WARN_UNINITIALIZED_AUTOS = YES_AGGRESSIVE;
				GCC_WARN_UNUSED_FUNCTION = YES;
				GCC_WARN_UNUSED_VARIABLE = YES;
				IPHONEOS_DEPLOYMENT_TARGET = 13.6;
				MTL_ENABLE_DEBUG_INFO = NO;
				MTL_FAST_MATH = YES;
				SDKROOT = iphoneos;
				VALIDATE_PRODUCT = YES;
			};
			name = Release;
		};
		B5EAFA702509D459005DA149 /* Debug */ = {
			isa = XCBuildConfiguration;
			buildSettings = {
				ASSETCATALOG_COMPILER_APPICON_NAME = AppIcon;
				CODE_SIGN_STYLE = Automatic;
				DEVELOPMENT_TEAM = T6VV6T753H;
				INFOPLIST_FILE = IRFlash/Info.plist;
				LD_RUNPATH_SEARCH_PATHS = (
					"$(inherited)",
					"@executable_path/Frameworks",
				);
				PRODUCT_BUNDLE_IDENTIFIER = irons163.IRFlash;
				PRODUCT_NAME = "$(TARGET_NAME)";
				TARGETED_DEVICE_FAMILY = "1,2";
			};
			name = Debug;
		};
		B5EAFA712509D459005DA149 /* Release */ = {
			isa = XCBuildConfiguration;
			buildSettings = {
				ASSETCATALOG_COMPILER_APPICON_NAME = AppIcon;
				CODE_SIGN_STYLE = Automatic;
				DEVELOPMENT_TEAM = T6VV6T753H;
				INFOPLIST_FILE = IRFlash/Info.plist;
				LD_RUNPATH_SEARCH_PATHS = (
					"$(inherited)",
					"@executable_path/Frameworks",
				);
				PRODUCT_BUNDLE_IDENTIFIER = irons163.IRFlash;
				PRODUCT_NAME = "$(TARGET_NAME)";
				TARGETED_DEVICE_FAMILY = "1,2";
			};
			name = Release;
		};
/* End XCBuildConfiguration section */

/* Begin XCConfigurationList section */
		B5EAFA512509D457005DA149 /* Build configuration list for PBXProject "IRFlash" */ = {
			isa = XCConfigurationList;
			buildConfigurations = (
				B5EAFA6D2509D459005DA149 /* Debug */,
				B5EAFA6E2509D459005DA149 /* Release */,
			);
			defaultConfigurationIsVisible = 0;
			defaultConfigurationName = Release;
		};
		B5EAFA6F2509D459005DA149 /* Build configuration list for PBXNativeTarget "IRFlash" */ = {
			isa = XCConfigurationList;
			buildConfigurations = (
				B5EAFA702509D459005DA149 /* Debug */,
				B5EAFA712509D459005DA149 /* Release */,
			);
			defaultConfigurationIsVisible = 0;
			defaultConfigurationName = Release;
		};
/* End XCConfigurationList section */
	};
	rootObject = B5EAFA4E2509D457005DA149 /* Project object */;
}
